
Microsoft Visual Studio Solution File, Format Version 12.00
# Visual Studio Version 17
VisualStudioVersion = 17.3.32825.248
MinimumVisualStudioVersion = 10.0.40219.1
Project("{9A19103F-16F7-4668-BE54-9A1E7A4F7556}") = "ConsoleApp1", "ConsoleApp1\ConsoleApp1.csproj", "{7DB6C38E-EA93-4A72-B268-14700EFE8F64}"
EndProject
Project("{9A19103F-16F7-4668-BE54-9A1E7A4F7556}") = "ConsoleApp2", "ConsoleApp2\ConsoleApp2.csproj", "{52C977FB-F2FA-4D38-9AA3-E7AD1BFFEF24}"
EndProject
Project("{FAE04EC0-301F-11D3-BF4B-00C04F79EFBC}") = "ConsoleApp3", "ConsoleApp3\ConsoleApp3.csproj", "{0CD6D65A-69A0-4128-A7C8-27E4065FEC76}"
EndProject
Global
	GlobalSection(SolutionConfigurationPlatforms) = preSolution
		Debug|Any CPU = Debug|Any CPU
		Release|Any CPU = Release|Any CPU
	EndGlobalSection
	GlobalSection(ProjectConfigurationPlatforms) = postSolution
		{7DB6C38E-EA93-4A72-B268-14700EFE8F64}.Debug|Any CPU.ActiveCfg = Debug|Any CPU
		{7DB6C38E-EA93-4A72-B268-14700EFE8F64}.Debug|Any CPU.Build.0 = Debug|Any CPU
		{7DB6C38E-EA93-4A72-B268-14700EFE8F64}.Release|Any CPU.ActiveCfg = Release|Any CPU
		{7DB6C38E-EA93-4A72-B268-14700EFE8F64}.Release|Any CPU.Build.0 = Release|Any CPU
		{52C977FB-F2FA-4D38-9AA3-E7AD1BFFEF24}.Debug|Any CPU.ActiveCfg = Debug|Any CPU
		{52C977FB-F2FA-4D38-9AA3-E7AD1BFFEF24}.Debug|Any CPU.Build.0 = Debug|Any CPU
		{52C977FB-F2FA-4D38-9AA3-E7AD1BFFEF24}.Release|Any CPU.ActiveCfg = Release|Any CPU
		{52C977FB-F2FA-4D38-9AA3-E7AD1BFFEF24}.Release|Any CPU.Build.0 = Release|Any CPU
		{0CD6D65A-69A0-4128-A7C8-27E4065FEC76}.Debug|Any CPU.ActiveCfg = Debug|Any CPU
		{0CD6D65A-69A0-4128-A7C8-27E4065FEC76}.Debug|Any CPU.Build.0 = Debug|Any CPU
		{0CD6D65A-69A0-4128-A7C8-27E4065FEC76}.Release|Any CPU.ActiveCfg = Release|Any CPU
		{0CD6D65A-69A0-4128-A7C8-27E4065FEC76}.Release|Any CPU.Build.0 = Release|Any CPU
	EndGlobalSection
	GlobalSection(SolutionProperties) = preSolution
		HideSolutionNode = FALSE
	EndGlobalSection
	GlobalSection(ExtensibilityGlobals) = postSolution
		SolutionGuid = {087A74B5-42C9-4895-87CA-60CAE999051F}
	EndGlobalSection
EndGlobal
