
Microsoft Visual Studio Solution File, Format Version 12.00
# Visual Studio Version 17
VisualStudioVersion = 17.3.32825.248
MinimumVisualStudioVersion = 10.0.40219.1
Project("{9A19103F-16F7-4668-BE54-9A1E7A4F7556}") = "ConsoleApp1", "ConsoleApp1\ConsoleApp1.csproj", "{7DB6C38E-EA93-4A72-B268-14700EFE8F64}"
EndProject
Project("{FAE04EC0-301F-11D3-BF4B-00C04F79EFBC}") = "ConsoleApp.Tests", "ConsoleApp.Tests\ConsoleApp.Tests.csproj", "{7CE11C4F-FC9B-4A18-9EC8-99A9D066E094}"
EndProject
Global
	GlobalSection(SolutionConfigurationPlatforms) = preSolution
		Debug|Any CPU = Debug|Any CPU
		Release|Any CPU = Release|Any CPU
	EndGlobalSection
	GlobalSection(ProjectConfigurationPlatforms) = postSolution
		{7DB6C38E-EA93-4A72-B268-14700EFE8F64}.Debug|Any CPU.ActiveCfg = Debug|Any CPU
		{7DB6C38E-EA93-4A72-B268-14700EFE8F64}.Debug|Any CPU.Build.0 = Debug|Any CPU
		{7DB6C38E-EA93-4A72-B268-14700EFE8F64}.Release|Any CPU.ActiveCfg = Release|Any CPU
		{7DB6C38E-EA93-4A72-B268-14700EFE8F64}.Release|Any CPU.Build.0 = Release|Any CPU
		{7CE11C4F-FC9B-4A18-9EC8-99A9D066E094}.Debug|Any CPU.ActiveCfg = Debug|Any CPU
		{7CE11C4F-FC9B-4A18-9EC8-99A9D066E094}.Debug|Any CPU.Build.0 = Debug|Any CPU
		{7CE11C4F-FC9B-4A18-9EC8-99A9D066E094}.Release|Any CPU.ActiveCfg = Release|Any CPU
		{7CE11C4F-FC9B-4A18-9EC8-99A9D066E094}.Release|Any CPU.Build.0 = Release|Any CPU
	EndGlobalSection
	GlobalSection(SolutionProperties) = preSolution
		HideSolutionNode = FALSE
	EndGlobalSection
	GlobalSection(ExtensibilityGlobals) = postSolution
		SolutionGuid = {087A74B5-42C9-4895-87CA-60CAE999051F}
	EndGlobalSection
EndGlobal
