
Microsoft Visual Studio Solution File, Format Version 12.00
# Visual Studio Version 17
VisualStudioVersion = 17.3.32825.248
MinimumVisualStudioVersion = 10.0.40219.1
Project("{9A19103F-16F7-4668-BE54-9A1E7A4F7556}") = "sbas_homework_29_html", "sbas_homework_29_html\sbas_homework_29_html.csproj", "{F36994B6-7C4E-494F-A0D1-1691AF4894C3}"
EndProject
Global
	GlobalSection(SolutionConfigurationPlatforms) = preSolution
		Debug|Any CPU = Debug|Any CPU
		Release|Any CPU = Release|Any CPU
	EndGlobalSection
	GlobalSection(ProjectConfigurationPlatforms) = postSolution
		{F36994B6-7C4E-494F-A0D1-1691AF4894C3}.Debug|Any CPU.ActiveCfg = Debug|Any CPU
		{F36994B6-7C4E-494F-A0D1-1691AF4894C3}.Debug|Any CPU.Build.0 = Debug|Any CPU
		{F36994B6-7C4E-494F-A0D1-1691AF4894C3}.Release|Any CPU.ActiveCfg = Release|Any CPU
		{F36994B6-7C4E-494F-A0D1-1691AF4894C3}.Release|Any CPU.Build.0 = Release|Any CPU
	EndGlobalSection
	GlobalSection(SolutionProperties) = preSolution
		HideSolutionNode = FALSE
	EndGlobalSection
	GlobalSection(ExtensibilityGlobals) = postSolution
		SolutionGuid = {087A74B5-42C9-4895-87CA-60CAE999051F}
	EndGlobalSection
EndGlobal
